<Solution>
  <Folder Name="/Assets/">
    <File Path="icon.png" />
    <File Path="LICENSE.md" />
    <File Path="README.md" />
  </Folder>
  <Folder Name="/Configuration/">
    <File Path=".editorconfig" />
    <File Path=".gitignore" />
    <File Path=".globalconfig" />
    <File Path=".runsettings" />
    <File Path="Directory.Build.props" />
    <File Path="Directory.Build.targets" />
    <File Path="Directory.Packages.props" />
    <File Path="GitVersion.yml" />
    <File Path="stylecop.json" />
    <File Path="xunit.runner.json" />
  </Folder>
  <Folder Name="/samples/">
    <Project Path="samples\HostedCli\HostedCli.csproj" />
    <File Path="samples\Directory.Build.props" />
  </Folder>
  <Folder Name="/src/">
    <Project Path="src\SpectreCli.Hosting\SpectreCli.Hosting.csproj" Type="Classic C#" />
    <Project Path="src\SpectreCli.OpenTelemetry\SpectreCli.OpenTelemetry.csproj" Type="Classic C#" />
    <File Path="src\Directory.Build.props" />
  </Folder>
  <Folder Name="/tests/">
    <Project Path="tests\SpectreCli.Hosting.Tests\SpectreCli.Hosting.Tests.csproj" Type="Classic C#" />
    <Project Path="tests\SpectreCli.OpenTelemetry.Tests\SpectreCli.OpenTelemetry.Tests.csproj" Type="Classic C#" />
    <File Path="tests\Directory.Build.props" />
  </Folder>
</Solution>
